
Microsoft Visual Studio Solution File, Format Version 12.00
# Visual Studio 2012
Project("{FAE04EC0-301F-11D3-BF4B-00C04F79EFBC}") = "Wisgance.Office.Excel", "Wisgance.Office.Excel\Wisgance.Office.Excel.csproj", "{2E753737-CFCD-418B-BBD2-D6971C7F8DA2}"
EndProject
Project("{FAE04EC0-301F-11D3-BF4B-00C04F79EFBC}") = "Wisgance.Reflection", "Wisgance.Reflection\Wisgance.Reflection.csproj", "{835811E1-3BFF-419B-A197-162DCD0DB513}"
EndProject
Project("{FAE04EC0-301F-11D3-BF4B-00C04F79EFBC}") = "Test", "Test\Test.csproj", "{CC4DA0B9-471D-48F8-8013-AE4C026F11B2}"
EndProject
Global
	GlobalSection(SolutionConfigurationPlatforms) = preSolution
		Debug|Any CPU = Debug|Any CPU
		Release|Any CPU = Release|Any CPU
	EndGlobalSection
	GlobalSection(ProjectConfigurationPlatforms) = postSolution
		{2E753737-CFCD-418B-BBD2-D6971C7F8DA2}.Debug|Any CPU.ActiveCfg = Debug|Any CPU
		{2E753737-CFCD-418B-BBD2-D6971C7F8DA2}.Debug|Any CPU.Build.0 = Debug|Any CPU
		{2E753737-CFCD-418B-BBD2-D6971C7F8DA2}.Release|Any CPU.ActiveCfg = Release|Any CPU
		{2E753737-CFCD-418B-BBD2-D6971C7F8DA2}.Release|Any CPU.Build.0 = Release|Any CPU
		{835811E1-3BFF-419B-A197-162DCD0DB513}.Debug|Any CPU.ActiveCfg = Debug|Any CPU
		{835811E1-3BFF-419B-A197-162DCD0DB513}.Debug|Any CPU.Build.0 = Debug|Any CPU
		{835811E1-3BFF-419B-A197-162DCD0DB513}.Release|Any CPU.ActiveCfg = Release|Any CPU
		{835811E1-3BFF-419B-A197-162DCD0DB513}.Release|Any CPU.Build.0 = Release|Any CPU
		{CC4DA0B9-471D-48F8-8013-AE4C026F11B2}.Debug|Any CPU.ActiveCfg = Debug|Any CPU
		{CC4DA0B9-471D-48F8-8013-AE4C026F11B2}.Debug|Any CPU.Build.0 = Debug|Any CPU
		{CC4DA0B9-471D-48F8-8013-AE4C026F11B2}.Release|Any CPU.ActiveCfg = Release|Any CPU
		{CC4DA0B9-471D-48F8-8013-AE4C026F11B2}.Release|Any CPU.Build.0 = Release|Any CPU
	EndGlobalSection
	GlobalSection(SolutionProperties) = preSolution
		HideSolutionNode = FALSE
	EndGlobalSection
EndGlobal
